// !$*UTF8*$!
{
	archiveVersion = 1;
	classes = {
	};
	objectVersion = 46;
	objects = {

/* Begin PBXBuildFile section */
		731573841D669B100037EDC2 /* Assets.xcassets in Resources */ = {isa = PBXBuildFile; fileRef = 731573831D669B100037EDC2 /* Assets.xcassets */; };
		7315738B1D669B100037EDC2 /* MessagesExtension.appex in Embed App Extensions */ = {isa = PBXBuildFile; fileRef = 7315738A1D669B100037EDC2 /* MessagesExtension.appex */; settings = {ATTRIBUTES = (RemoveHeadersOnCopy, ); }; };
		731573901D669B100037EDC2 /* Messages.framework in Frameworks */ = {isa = PBXBuildFile; fileRef = 7315738F1D669B100037EDC2 /* Messages.framework */; };
		731573931D669B100037EDC2 /* MessagesViewController.swift in Sources */ = {isa = PBXBuildFile; fileRef = 731573921D669B100037EDC2 /* MessagesViewController.swift */; };
		731573961D669B100037EDC2 /* MainInterface.storyboard in Resources */ = {isa = PBXBuildFile; fileRef = 731573941D669B100037EDC2 /* MainInterface.storyboard */; };
		731573981D669B100037EDC2 /* Assets.xcassets in Resources */ = {isa = PBXBuildFile; fileRef = 731573971D669B100037EDC2 /* Assets.xcassets */; };
		731573A71D669C1A0037EDC2 /* ISHHoverBar.m in Sources */ = {isa = PBXBuildFile; fileRef = 731573A61D669C1A0037EDC2 /* ISHHoverBar.m */; };
		731573BC1D669C790037EDC2 /* VCMapView.swift in Sources */ = {isa = PBXBuildFile; fileRef = 731573B61D669C790037EDC2 /* VCMapView.swift */; };
		731573BD1D669C790037EDC2 /* LocationSearchTable.swift in Sources */ = {isa = PBXBuildFile; fileRef = 731573B71D669C790037EDC2 /* LocationSearchTable.swift */; };
		731573BE1D669C790037EDC2 /* PinnedLocation.swift in Sources */ = {isa = PBXBuildFile; fileRef = 731573B81D669C790037EDC2 /* PinnedLocation.swift */; };
		731573BF1D669C790037EDC2 /* AddressParser.swift in Sources */ = {isa = PBXBuildFile; fileRef = 731573B91D669C790037EDC2 /* AddressParser.swift */; };
		731573C01D669C790037EDC2 /* VCLocationManagement.swift in Sources */ = {isa = PBXBuildFile; fileRef = 731573BA1D669C790037EDC2 /* VCLocationManagement.swift */; };
		73A826111D81E99C002E1FDF /* CompactInstructionsViewController.swift in Sources */ = {isa = PBXBuildFile; fileRef = 73A826101D81E99C002E1FDF /* CompactInstructionsViewController.swift */; };
		73A826131D8212C7002E1FDF /* QueryItems.swift in Sources */ = {isa = PBXBuildFile; fileRef = 73A826121D8212C7002E1FDF /* QueryItems.swift */; };
/* End PBXBuildFile section */

/* Begin PBXContainerItemProxy section */
		7315738C1D669B100037EDC2 /* PBXContainerItemProxy */ = {
			isa = PBXContainerItemProxy;
			containerPortal = 7315737A1D669B100037EDC2 /* Project object */;
			proxyType = 1;
			remoteGlobalIDString = 731573891D669B100037EDC2;
			remoteInfo = MessagesExtension;
		};
/* End PBXContainerItemProxy section */

/* Begin PBXCopyFilesBuildPhase section */
		7315739F1D669B100037EDC2 /* Embed App Extensions */ = {
			isa = PBXCopyFilesBuildPhase;
			buildActionMask = 2147483647;
			dstPath = "";
			dstSubfolderSpec = 13;
			files = (
				7315738B1D669B100037EDC2 /* MessagesExtension.appex in Embed App Extensions */,
			);
			name = "Embed App Extensions";
			runOnlyForDeploymentPostprocessing = 0;
		};
/* End PBXCopyFilesBuildPhase section */

/* Begin PBXFileReference section */
		731573801D669B100037EDC2 /* Pinnable.app */ = {isa = PBXFileReference; explicitFileType = wrapper.application; includeInIndex = 0; path = Pinnable.app; sourceTree = BUILT_PRODUCTS_DIR; };
		731573831D669B100037EDC2 /* Assets.xcassets */ = {isa = PBXFileReference; lastKnownFileType = folder.assetcatalog; path = Assets.xcassets; sourceTree = "<group>"; };
		731573851D669B100037EDC2 /* Info.plist */ = {isa = PBXFileReference; lastKnownFileType = text.plist.xml; path = Info.plist; sourceTree = "<group>"; };
		7315738A1D669B100037EDC2 /* MessagesExtension.appex */ = {isa = PBXFileReference; explicitFileType = "wrapper.app-extension"; includeInIndex = 0; path = MessagesExtension.appex; sourceTree = BUILT_PRODUCTS_DIR; };
		7315738F1D669B100037EDC2 /* Messages.framework */ = {isa = PBXFileReference; lastKnownFileType = wrapper.framework; name = Messages.framework; path = System/Library/Frameworks/Messages.framework; sourceTree = SDKROOT; };
		731573921D669B100037EDC2 /* MessagesViewController.swift */ = {isa = PBXFileReference; lastKnownFileType = sourcecode.swift; path = MessagesViewController.swift; sourceTree = "<group>"; };
		731573951D669B100037EDC2 /* Base */ = {isa = PBXFileReference; lastKnownFileType = file.storyboard; name = Base; path = Base.lproj/MainInterface.storyboard; sourceTree = "<group>"; };
		731573971D669B100037EDC2 /* Assets.xcassets */ = {isa = PBXFileReference; lastKnownFileType = folder.assetcatalog; path = Assets.xcassets; sourceTree = "<group>"; };
		731573991D669B100037EDC2 /* Info.plist */ = {isa = PBXFileReference; lastKnownFileType = text.plist.xml; path = Info.plist; sourceTree = "<group>"; };
		731573A31D669C190037EDC2 /* MessagesExtension-Bridging-Header.h */ = {isa = PBXFileReference; lastKnownFileType = sourcecode.c.h; path = "MessagesExtension-Bridging-Header.h"; sourceTree = "<group>"; };
		731573A51D669C1A0037EDC2 /* ISHHoverBar.h */ = {isa = PBXFileReference; fileEncoding = 4; lastKnownFileType = sourcecode.c.h; path = ISHHoverBar.h; sourceTree = "<group>"; };
		731573A61D669C1A0037EDC2 /* ISHHoverBar.m */ = {isa = PBXFileReference; fileEncoding = 4; lastKnownFileType = sourcecode.c.objc; path = ISHHoverBar.m; sourceTree = "<group>"; };
		731573B41D669C780037EDC2 /* Pinnable-Bridging-Header.h */ = {isa = PBXFileReference; lastKnownFileType = sourcecode.c.h; path = "Pinnable-Bridging-Header.h"; sourceTree = "<group>"; };
		731573B61D669C790037EDC2 /* VCMapView.swift */ = {isa = PBXFileReference; fileEncoding = 4; lastKnownFileType = sourcecode.swift; path = VCMapView.swift; sourceTree = "<group>"; };
		731573B71D669C790037EDC2 /* LocationSearchTable.swift */ = {isa = PBXFileReference; fileEncoding = 4; lastKnownFileType = sourcecode.swift; path = LocationSearchTable.swift; sourceTree = "<group>"; };
		731573B81D669C790037EDC2 /* PinnedLocation.swift */ = {isa = PBXFileReference; fileEncoding = 4; lastKnownFileType = sourcecode.swift; path = PinnedLocation.swift; sourceTree = "<group>"; };
		731573B91D669C790037EDC2 /* AddressParser.swift */ = {isa = PBXFileReference; fileEncoding = 4; lastKnownFileType = sourcecode.swift; path = AddressParser.swift; sourceTree = "<group>"; };
		731573BA1D669C790037EDC2 /* VCLocationManagement.swift */ = {isa = PBXFileReference; fileEncoding = 4; lastKnownFileType = sourcecode.swift; path = VCLocationManagement.swift; sourceTree = "<group>"; };
		73A826101D81E99C002E1FDF /* CompactInstructionsViewController.swift */ = {isa = PBXFileReference; fileEncoding = 4; lastKnownFileType = sourcecode.swift; path = CompactInstructionsViewController.swift; sourceTree = "<group>"; };
		73A826121D8212C7002E1FDF /* QueryItems.swift */ = {isa = PBXFileReference; fileEncoding = 4; lastKnownFileType = sourcecode.swift; path = QueryItems.swift; sourceTree = "<group>"; };
/* End PBXFileReference section */

/* Begin PBXFrameworksBuildPhase section */
		731573871D669B100037EDC2 /* Frameworks */ = {
			isa = PBXFrameworksBuildPhase;
			buildActionMask = 2147483647;
			files = (
				731573901D669B100037EDC2 /* Messages.framework in Frameworks */,
			);
			runOnlyForDeploymentPostprocessing = 0;
		};
/* End PBXFrameworksBuildPhase section */

/* Begin PBXGroup section */
		731573791D669B100037EDC2 = {
			isa = PBXGroup;
			children = (
				731573821D669B100037EDC2 /* Pinnable */,
				731573911D669B100037EDC2 /* MessagesExtension */,
				731573811D669B100037EDC2 /* Products */,
			);
			sourceTree = "<group>";
		};
		731573811D669B100037EDC2 /* Products */ = {
			isa = PBXGroup;
			children = (
				731573801D669B100037EDC2 /* Pinnable.app */,
				7315738A1D669B100037EDC2 /* MessagesExtension.appex */,
			);
			name = Products;
			sourceTree = "<group>";
		};
		731573821D669B100037EDC2 /* Pinnable */ = {
			isa = PBXGroup;
			children = (
				731573831D669B100037EDC2 /* Assets.xcassets */,
				731573851D669B100037EDC2 /* Info.plist */,
			);
			path = Pinnable;
			sourceTree = "<group>";
		};
		7315738E1D669B100037EDC2 /* Frameworks */ = {
			isa = PBXGroup;
			children = (
				7315738F1D669B100037EDC2 /* Messages.framework */,
			);
			name = Frameworks;
			path = ..;
			sourceTree = "<group>";
		};
		731573911D669B100037EDC2 /* MessagesExtension */ = {
			isa = PBXGroup;
			children = (
				731573921D669B100037EDC2 /* MessagesViewController.swift */,
				73A826101D81E99C002E1FDF /* CompactInstructionsViewController.swift */,
				731573B71D669C790037EDC2 /* LocationSearchTable.swift */,
				731573B61D669C790037EDC2 /* VCMapView.swift */,
				731573B81D669C790037EDC2 /* PinnedLocation.swift */,
				73A826121D8212C7002E1FDF /* QueryItems.swift */,
				731573B91D669C790037EDC2 /* AddressParser.swift */,
				731573BA1D669C790037EDC2 /* VCLocationManagement.swift */,
				731573941D669B100037EDC2 /* MainInterface.storyboard */,
				731573971D669B100037EDC2 /* Assets.xcassets */,
				731573C21D669CBA0037EDC2 /* Bridging Headers */,
				731573C11D669CB20037EDC2 /* HoverBar */,
				731573991D669B100037EDC2 /* Info.plist */,
			);
			path = MessagesExtension;
			sourceTree = "<group>";
		};
		731573C11D669CB20037EDC2 /* HoverBar */ = {
			isa = PBXGroup;
			children = (
				7315738E1D669B100037EDC2 /* Frameworks */,
				731573A51D669C1A0037EDC2 /* ISHHoverBar.h */,
				731573A61D669C1A0037EDC2 /* ISHHoverBar.m */,
			);
			name = HoverBar;
			sourceTree = "<group>";
		};
		731573C21D669CBA0037EDC2 /* Bridging Headers */ = {
			isa = PBXGroup;
			children = (
				731573A31D669C190037EDC2 /* MessagesExtension-Bridging-Header.h */,
				731573B41D669C780037EDC2 /* Pinnable-Bridging-Header.h */,
			);
			name = "Bridging Headers";
			sourceTree = "<group>";
		};
/* End PBXGroup section */

/* Begin PBXNativeTarget section */
		7315737F1D669B100037EDC2 /* Pinnable */ = {
			isa = PBXNativeTarget;
			buildConfigurationList = 731573A01D669B100037EDC2 /* Build configuration list for PBXNativeTarget "Pinnable" */;
			buildPhases = (
				7315737E1D669B100037EDC2 /* Resources */,
				7315739F1D669B100037EDC2 /* Embed App Extensions */,
			);
			buildRules = (
			);
			dependencies = (
				7315738D1D669B100037EDC2 /* PBXTargetDependency */,
			);
			name = Pinnable;
			productName = Pinnable;
			productReference = 731573801D669B100037EDC2 /* Pinnable.app */;
			productType = "com.apple.product-type.application.messages";
		};
		731573891D669B100037EDC2 /* MessagesExtension */ = {
			isa = PBXNativeTarget;
			buildConfigurationList = 7315739C1D669B100037EDC2 /* Build configuration list for PBXNativeTarget "MessagesExtension" */;
			buildPhases = (
				731573861D669B100037EDC2 /* Sources */,
				731573871D669B100037EDC2 /* Frameworks */,
				731573881D669B100037EDC2 /* Resources */,
			);
			buildRules = (
			);
			dependencies = (
			);
			name = MessagesExtension;
			productName = MessagesExtension;
			productReference = 7315738A1D669B100037EDC2 /* MessagesExtension.appex */;
			productType = "com.apple.product-type.app-extension.messages";
		};
/* End PBXNativeTarget section */

/* Begin PBXProject section */
		7315737A1D669B100037EDC2 /* Project object */ = {
			isa = PBXProject;
			attributes = {
				LastSwiftUpdateCheck = 0800;
				LastUpgradeCheck = 0800;
				ORGANIZATIONNAME = JKProductions;
				TargetAttributes = {
					7315737F1D669B100037EDC2 = {
						CreatedOnToolsVersion = 8.0;
						DevelopmentTeam = DHY5YM53QB;
						LastSwiftMigration = 0800;
						ProvisioningStyle = Automatic;
					};
					731573891D669B100037EDC2 = {
						CreatedOnToolsVersion = 8.0;
						DevelopmentTeam = DHY5YM53QB;
						LastSwiftMigration = 0800;
						ProvisioningStyle = Automatic;
					};
				};
			};
			buildConfigurationList = 7315737D1D669B100037EDC2 /* Build configuration list for PBXProject "Pinnable" */;
			compatibilityVersion = "Xcode 3.2";
			developmentRegion = English;
			hasScannedForEncodings = 0;
			knownRegions = (
				en,
				Base,
			);
			mainGroup = 731573791D669B100037EDC2;
			productRefGroup = 731573811D669B100037EDC2 /* Products */;
			projectDirPath = "";
			projectRoot = "";
			targets = (
				7315737F1D669B100037EDC2 /* Pinnable */,
				731573891D669B100037EDC2 /* MessagesExtension */,
			);
		};
/* End PBXProject section */

/* Begin PBXResourcesBuildPhase section */
		7315737E1D669B100037EDC2 /* Resources */ = {
			isa = PBXResourcesBuildPhase;
			buildActionMask = 2147483647;
			files = (
				731573841D669B100037EDC2 /* Assets.xcassets in Resources */,
			);
			runOnlyForDeploymentPostprocessing = 0;
		};
		731573881D669B100037EDC2 /* Resources */ = {
			isa = PBXResourcesBuildPhase;
			buildActionMask = 2147483647;
			files = (
				731573981D669B100037EDC2 /* Assets.xcassets in Resources */,
				731573961D669B100037EDC2 /* MainInterface.storyboard in Resources */,
			);
			runOnlyForDeploymentPostprocessing = 0;
		};
/* End PBXResourcesBuildPhase section */

/* Begin PBXSourcesBuildPhase section */
		731573861D669B100037EDC2 /* Sources */ = {
			isa = PBXSourcesBuildPhase;
			buildActionMask = 2147483647;
			files = (
				731573BC1D669C790037EDC2 /* VCMapView.swift in Sources */,
				731573BD1D669C790037EDC2 /* LocationSearchTable.swift in Sources */,
				731573931D669B100037EDC2 /* MessagesViewController.swift in Sources */,
				731573C01D669C790037EDC2 /* VCLocationManagement.swift in Sources */,
				73A826131D8212C7002E1FDF /* QueryItems.swift in Sources */,
				731573BE1D669C790037EDC2 /* PinnedLocation.swift in Sources */,
				73A826111D81E99C002E1FDF /* CompactInstructionsViewController.swift in Sources */,
				731573BF1D669C790037EDC2 /* AddressParser.swift in Sources */,
				731573A71D669C1A0037EDC2 /* ISHHoverBar.m in Sources */,
			);
			runOnlyForDeploymentPostprocessing = 0;
		};
/* End PBXSourcesBuildPhase section */

/* Begin PBXTargetDependency section */
		7315738D1D669B100037EDC2 /* PBXTargetDependency */ = {
			isa = PBXTargetDependency;
			target = 731573891D669B100037EDC2 /* MessagesExtension */;
			targetProxy = 7315738C1D669B100037EDC2 /* PBXContainerItemProxy */;
		};
/* End PBXTargetDependency section */

/* Begin PBXVariantGroup section */
		731573941D669B100037EDC2 /* MainInterface.storyboard */ = {
			isa = PBXVariantGroup;
			children = (
				731573951D669B100037EDC2 /* Base */,
			);
			name = MainInterface.storyboard;
			sourceTree = "<group>";
		};
/* End PBXVariantGroup section */

/* Begin XCBuildConfiguration section */
		7315739A1D669B100037EDC2 /* Debug */ = {
			isa = XCBuildConfiguration;
			buildSettings = {
				ALWAYS_SEARCH_USER_PATHS = NO;
				CLANG_ANALYZER_NONNULL = YES;
				CLANG_CXX_LANGUAGE_STANDARD = "gnu++0x";
				CLANG_CXX_LIBRARY = "libc++";
				CLANG_ENABLE_MODULES = YES;
				CLANG_ENABLE_OBJC_ARC = YES;
				CLANG_WARN_BOOL_CONVERSION = YES;
				CLANG_WARN_CONSTANT_CONVERSION = YES;
				CLANG_WARN_DIRECT_OBJC_ISA_USAGE = YES_ERROR;
				CLANG_WARN_DOCUMENTATION_COMMENTS = YES;
				CLANG_WARN_EMPTY_BODY = YES;
				CLANG_WARN_ENUM_CONVERSION = YES;
				CLANG_WARN_INFINITE_RECURSION = YES;
				CLANG_WARN_INT_CONVERSION = YES;
				CLANG_WARN_OBJC_ROOT_CLASS = YES_ERROR;
				CLANG_WARN_SUSPICIOUS_MOVES = YES;
				CLANG_WARN_UNREACHABLE_CODE = YES;
				CLANG_WARN__DUPLICATE_METHOD_MATCH = YES;
				"CODE_SIGN_IDENTITY[sdk=iphoneos*]" = "iPhone Developer";
				COPY_PHASE_STRIP = NO;
				DEBUG_INFORMATION_FORMAT = dwarf;
				ENABLE_STRICT_OBJC_MSGSEND = YES;
				ENABLE_TESTABILITY = YES;
				GCC_C_LANGUAGE_STANDARD = gnu99;
				GCC_DYNAMIC_NO_PIC = NO;
				GCC_NO_COMMON_BLOCKS = YES;
				GCC_OPTIMIZATION_LEVEL = 0;
				GCC_PREPROCESSOR_DEFINITIONS = (
					"DEBUG=1",
					"$(inherited)",
				);
				GCC_WARN_64_TO_32_BIT_CONVERSION = YES;
				GCC_WARN_ABOUT_RETURN_TYPE = YES_ERROR;
				GCC_WARN_UNDECLARED_SELECTOR = YES;
				GCC_WARN_UNINITIALIZED_AUTOS = YES_AGGRESSIVE;
				GCC_WARN_UNUSED_FUNCTION = YES;
				GCC_WARN_UNUSED_VARIABLE = YES;
				IPHONEOS_DEPLOYMENT_TARGET = 10.0;
				MTL_ENABLE_DEBUG_INFO = YES;
				ONLY_ACTIVE_ARCH = YES;
				SDKROOT = iphoneos;
				SWIFT_ACTIVE_COMPILATION_CONDITIONS = DEBUG;
				SWIFT_OPTIMIZATION_LEVEL = "-Onone";
			};
			name = Debug;
		};
		7315739B1D669B100037EDC2 /* Release */ = {
			isa = XCBuildConfiguration;
			buildSettings = {
				ALWAYS_SEARCH_USER_PATHS = NO;
				CLANG_ANALYZER_NONNULL = YES;
				CLANG_CXX_LANGUAGE_STANDARD = "gnu++0x";
				CLANG_CXX_LIBRARY = "libc++";
				CLANG_ENABLE_MODULES = YES;
				CLANG_ENABLE_OBJC_ARC = YES;
				CLANG_WARN_BOOL_CONVERSION = YES;
				CLANG_WARN_CONSTANT_CONVERSION = YES;
				CLANG_WARN_DIRECT_OBJC_ISA_USAGE = YES_ERROR;
				CLANG_WARN_DOCUMENTATION_COMMENTS = YES;
				CLANG_WARN_EMPTY_BODY = YES;
				CLANG_WARN_ENUM_CONVERSION = YES;
				CLANG_WARN_INFINITE_RECURSION = YES;
				CLANG_WARN_INT_CONVERSION = YES;
				CLANG_WARN_OBJC_ROOT_CLASS = YES_ERROR;
				CLANG_WARN_SUSPICIOUS_MOVES = YES;
				CLANG_WARN_UNREACHABLE_CODE = YES;
				CLANG_WARN__DUPLICATE_METHOD_MATCH = YES;
				"CODE_SIGN_IDENTITY[sdk=iphoneos*]" = "iPhone Developer";
				COPY_PHASE_STRIP = NO;
				DEBUG_INFORMATION_FORMAT = "dwarf-with-dsym";
				ENABLE_NS_ASSERTIONS = NO;
				ENABLE_STRICT_OBJC_MSGSEND = YES;
				GCC_C_LANGUAGE_STANDARD = gnu99;
				GCC_NO_COMMON_BLOCKS = YES;
				GCC_WARN_64_TO_32_BIT_CONVERSION = YES;
				GCC_WARN_ABOUT_RETURN_TYPE = YES_ERROR;
				GCC_WARN_UNDECLARED_SELECTOR = YES;
				GCC_WARN_UNINITIALIZED_AUTOS = YES_AGGRESSIVE;
				GCC_WARN_UNUSED_FUNCTION = YES;
				GCC_WARN_UNUSED_VARIABLE = YES;
				IPHONEOS_DEPLOYMENT_TARGET = 10.0;
				MTL_ENABLE_DEBUG_INFO = NO;
				SDKROOT = iphoneos;
				SWIFT_OPTIMIZATION_LEVEL = "-Owholemodule";
				VALIDATE_PRODUCT = YES;
			};
			name = Release;
		};
		7315739D1D669B100037EDC2 /* Debug */ = {
			isa = XCBuildConfiguration;
			buildSettings = {
				ASSETCATALOG_COMPILER_APPICON_NAME = "iMessage App Icon";
				CLANG_ENABLE_MODULES = YES;
				DEVELOPMENT_TEAM = DHY5YM53QB;
				INFOPLIST_FILE = MessagesExtension/Info.plist;
				LD_RUNPATH_SEARCH_PATHS = "$(inherited) @executable_path/Frameworks @executable_path/../../Frameworks";
				PRODUCT_BUNDLE_IDENTIFIER = com.JKProductions.Pinnable.MessagesExtension;
				PRODUCT_NAME = "$(TARGET_NAME)";
				SKIP_INSTALL = YES;
				SWIFT_OBJC_BRIDGING_HEADER = "MessagesExtension/MessagesExtension-Bridging-Header.h";
				SWIFT_OPTIMIZATION_LEVEL = "-Onone";
				SWIFT_VERSION = 3.0;
			};
			name = Debug;
		};
		7315739E1D669B100037EDC2 /* Release */ = {
			isa = XCBuildConfiguration;
			buildSettings = {
				ASSETCATALOG_COMPILER_APPICON_NAME = "iMessage App Icon";
				CLANG_ENABLE_MODULES = YES;
				DEVELOPMENT_TEAM = DHY5YM53QB;
				INFOPLIST_FILE = MessagesExtension/Info.plist;
				LD_RUNPATH_SEARCH_PATHS = "$(inherited) @executable_path/Frameworks @executable_path/../../Frameworks";
				PRODUCT_BUNDLE_IDENTIFIER = com.JKProductions.Pinnable.MessagesExtension;
				PRODUCT_NAME = "$(TARGET_NAME)";
				SKIP_INSTALL = YES;
				SWIFT_OBJC_BRIDGING_HEADER = "MessagesExtension/MessagesExtension-Bridging-Header.h";
				SWIFT_VERSION = 3.0;
			};
			name = Release;
		};
		731573A11D669B100037EDC2 /* Debug */ = {
			isa = XCBuildConfiguration;
			buildSettings = {
				ALWAYS_EMBED_SWIFT_STANDARD_LIBRARIES = YES;
				ASSETCATALOG_COMPILER_APPICON_NAME = AppIcon;
				CLANG_ENABLE_MODULES = YES;
				DEVELOPMENT_TEAM = DHY5YM53QB;
				INFOPLIST_FILE = Pinnable/Info.plist;
				LD_RUNPATH_SEARCH_PATHS = "$(inherited) @executable_path/Frameworks @loader_path/Frameworks";
				PRODUCT_BUNDLE_IDENTIFIER = com.JKProductions.Pinnable;
				PRODUCT_NAME = "$(TARGET_NAME)";
				SWIFT_OBJC_BRIDGING_HEADER = "MessagesExtension/Pinnable-Bridging-Header.h";
				SWIFT_OPTIMIZATION_LEVEL = "-Onone";
				SWIFT_VERSION = 3.0;
				TARGETED_DEVICE_FAMILY = "1,2";
			};
			name = Debug;
		};
		731573A21D669B100037EDC2 /* Release */ = {
			isa = XCBuildConfiguration;
			buildSettings = {
				ALWAYS_EMBED_SWIFT_STANDARD_LIBRARIES = YES;
				ASSETCATALOG_COMPILER_APPICON_NAME = AppIcon;
				CLANG_ENABLE_MODULES = YES;
				DEVELOPMENT_TEAM = DHY5YM53QB;
				INFOPLIST_FILE = Pinnable/Info.plist;
				LD_RUNPATH_SEARCH_PATHS = "$(inherited) @executable_path/Frameworks @loader_path/Frameworks";
				PRODUCT_BUNDLE_IDENTIFIER = com.JKProductions.Pinnable;
				PRODUCT_NAME = "$(TARGET_NAME)";
				SWIFT_OBJC_BRIDGING_HEADER = "MessagesExtension/Pinnable-Bridging-Header.h";
				SWIFT_VERSION = 3.0;
				TARGETED_DEVICE_FAMILY = "1,2";
			};
			name = Release;
		};
/* End XCBuildConfiguration section */

/* Begin XCConfigurationList section */
		7315737D1D669B100037EDC2 /* Build configuration list for PBXProject "Pinnable" */ = {
			isa = XCConfigurationList;
			buildConfigurations = (
				7315739A1D669B100037EDC2 /* Debug */,
				7315739B1D669B100037EDC2 /* Release */,
			);
			defaultConfigurationIsVisible = 0;
			defaultConfigurationName = Release;
		};
		7315739C1D669B100037EDC2 /* Build configuration list for PBXNativeTarget "MessagesExtension" */ = {
			isa = XCConfigurationList;
			buildConfigurations = (
				7315739D1D669B100037EDC2 /* Debug */,
				7315739E1D669B100037EDC2 /* Release */,
			);
			defaultConfigurationIsVisible = 0;
			defaultConfigurationName = Release;
		};
		731573A01D669B100037EDC2 /* Build configuration list for PBXNativeTarget "Pinnable" */ = {
			isa = XCConfigurationList;
			buildConfigurations = (
				731573A11D669B100037EDC2 /* Debug */,
				731573A21D669B100037EDC2 /* Release */,
			);
			defaultConfigurationIsVisible = 0;
			defaultConfigurationName = Release;
		};
/* End XCConfigurationList section */
	};
	rootObject = 7315737A1D669B100037EDC2 /* Project object */;
}
